
Microsoft Visual Studio Solution File, Format Version 12.00
# Visual Studio Version 16
VisualStudioVersion = 16.0.30621.155
MinimumVisualStudioVersion = 10.0.40219.1
Project("{FAE04EC0-301F-11D3-BF4B-00C04F79EFBC}") = "AwesomeApp.UWP", "AwesomeApp.UWP\AwesomeApp.UWP.csproj", "{86003FAB-59E1-47C4-88E2-224F11644F1F}"
EndProject
Project("{FAE04EC0-301F-11D3-BF4B-00C04F79EFBC}") = "AwesomeApp.Android", "AwesomeApp.Android\AwesomeApp.Android.csproj", "{88FEFA26-BAAD-45E8-A689-5D4A6F9B6A83}"
EndProject
Project("{FAE04EC0-301F-11D3-BF4B-00C04F79EFBC}") = "AwesomeApp.iOS", "AwesomeApp.iOS\AwesomeApp.iOS.csproj", "{1C9CB168-0A38-49B1-B11F-F152619649F6}"
EndProject
Project("{FAE04EC0-301F-11D3-BF4B-00C04F79EFBC}") = "AwesomeApp", "AwesomeApp\AwesomeApp.csproj", "{D5CDF2F4-4F3E-4D85-8588-92C702803941}"
EndProject
Global
	GlobalSection(SolutionConfigurationPlatforms) = preSolution
		Debug|Any CPU = Debug|Any CPU
		Debug|ARM = Debug|ARM
		Debug|iPhone = Debug|iPhone
		Debug|iPhoneSimulator = Debug|iPhoneSimulator
		Debug|x64 = Debug|x64
		Debug|x86 = Debug|x86
		Release|Any CPU = Release|Any CPU
		Release|ARM = Release|ARM
		Release|iPhone = Release|iPhone
		Release|iPhoneSimulator = Release|iPhoneSimulator
		Release|x64 = Release|x64
		Release|x86 = Release|x86
	EndGlobalSection
	GlobalSection(ProjectConfigurationPlatforms) = postSolution
		{86003FAB-59E1-47C4-88E2-224F11644F1F}.Debug|Any CPU.ActiveCfg = Debug|x86
		{86003FAB-59E1-47C4-88E2-224F11644F1F}.Debug|Any CPU.Build.0 = Debug|x86
		{86003FAB-59E1-47C4-88E2-224F11644F1F}.Debug|Any CPU.Deploy.0 = Debug|x86
		{86003FAB-59E1-47C4-88E2-224F11644F1F}.Debug|ARM.ActiveCfg = Debug|ARM
		{86003FAB-59E1-47C4-88E2-224F11644F1F}.Debug|ARM.Build.0 = Debug|ARM
		{86003FAB-59E1-47C4-88E2-224F11644F1F}.Debug|ARM.Deploy.0 = Debug|ARM
		{86003FAB-59E1-47C4-88E2-224F11644F1F}.Debug|iPhone.ActiveCfg = Debug|x86
		{86003FAB-59E1-47C4-88E2-224F11644F1F}.Debug|iPhone.Build.0 = Debug|x86
		{86003FAB-59E1-47C4-88E2-224F11644F1F}.Debug|iPhone.Deploy.0 = Debug|x86
		{86003FAB-59E1-47C4-88E2-224F11644F1F}.Debug|iPhoneSimulator.ActiveCfg = Debug|x86
		{86003FAB-59E1-47C4-88E2-224F11644F1F}.Debug|iPhoneSimulator.Build.0 = Debug|x86
		{86003FAB-59E1-47C4-88E2-224F11644F1F}.Debug|iPhoneSimulator.Deploy.0 = Debug|x86
		{86003FAB-59E1-47C4-88E2-224F11644F1F}.Debug|x64.ActiveCfg = Debug|x64
		{86003FAB-59E1-47C4-88E2-224F11644F1F}.Debug|x64.Build.0 = Debug|x64
		{86003FAB-59E1-47C4-88E2-224F11644F1F}.Debug|x64.Deploy.0 = Debug|x64
		{86003FAB-59E1-47C4-88E2-224F11644F1F}.Debug|x86.ActiveCfg = Debug|x86
		{86003FAB-59E1-47C4-88E2-224F11644F1F}.Debug|x86.Build.0 = Debug|x86
		{86003FAB-59E1-47C4-88E2-224F11644F1F}.Debug|x86.Deploy.0 = Debug|x86
		{86003FAB-59E1-47C4-88E2-224F11644F1F}.Release|Any CPU.ActiveCfg = Release|x86
		{86003FAB-59E1-47C4-88E2-224F11644F1F}.Release|Any CPU.Build.0 = Release|x86
		{86003FAB-59E1-47C4-88E2-224F11644F1F}.Release|Any CPU.Deploy.0 = Release|x86
		{86003FAB-59E1-47C4-88E2-224F11644F1F}.Release|ARM.ActiveCfg = Release|ARM
		{86003FAB-59E1-47C4-88E2-224F11644F1F}.Release|ARM.Build.0 = Release|ARM
		{86003FAB-59E1-47C4-88E2-224F11644F1F}.Release|ARM.Deploy.0 = Release|ARM
		{86003FAB-59E1-47C4-88E2-224F11644F1F}.Release|iPhone.ActiveCfg = Release|x86
		{86003FAB-59E1-47C4-88E2-224F11644F1F}.Release|iPhone.Build.0 = Release|x86
		{86003FAB-59E1-47C4-88E2-224F11644F1F}.Release|iPhone.Deploy.0 = Release|x86
		{86003FAB-59E1-47C4-88E2-224F11644F1F}.Release|iPhoneSimulator.ActiveCfg = Release|x86
		{86003FAB-59E1-47C4-88E2-224F11644F1F}.Release|iPhoneSimulator.Build.0 = Release|x86
		{86003FAB-59E1-47C4-88E2-224F11644F1F}.Release|iPhoneSimulator.Deploy.0 = Release|x86
		{86003FAB-59E1-47C4-88E2-224F11644F1F}.Release|x64.ActiveCfg = Release|x64
		{86003FAB-59E1-47C4-88E2-224F11644F1F}.Release|x64.Build.0 = Release|x64
		{86003FAB-59E1-47C4-88E2-224F11644F1F}.Release|x64.Deploy.0 = Release|x64
		{86003FAB-59E1-47C4-88E2-224F11644F1F}.Release|x86.ActiveCfg = Release|x86
		{86003FAB-59E1-47C4-88E2-224F11644F1F}.Release|x86.Build.0 = Release|x86
		{86003FAB-59E1-47C4-88E2-224F11644F1F}.Release|x86.Deploy.0 = Release|x86
		{88FEFA26-BAAD-45E8-A689-5D4A6F9B6A83}.Debug|Any CPU.ActiveCfg = Debug|Any CPU
		{88FEFA26-BAAD-45E8-A689-5D4A6F9B6A83}.Debug|Any CPU.Build.0 = Debug|Any CPU
		{88FEFA26-BAAD-45E8-A689-5D4A6F9B6A83}.Debug|Any CPU.Deploy.0 = Debug|Any CPU
		{88FEFA26-BAAD-45E8-A689-5D4A6F9B6A83}.Debug|ARM.ActiveCfg = Debug|Any CPU
		{88FEFA26-BAAD-45E8-A689-5D4A6F9B6A83}.Debug|ARM.Build.0 = Debug|Any CPU
		{88FEFA26-BAAD-45E8-A689-5D4A6F9B6A83}.Debug|ARM.Deploy.0 = Debug|Any CPU
		{88FEFA26-BAAD-45E8-A689-5D4A6F9B6A83}.Debug|iPhone.ActiveCfg = Debug|Any CPU
		{88FEFA26-BAAD-45E8-A689-5D4A6F9B6A83}.Debug|iPhone.Build.0 = Debug|Any CPU
		{88FEFA26-BAAD-45E8-A689-5D4A6F9B6A83}.Debug|iPhone.Deploy.0 = Debug|Any CPU
		{88FEFA26-BAAD-45E8-A689-5D4A6F9B6A83}.Debug|iPhoneSimulator.ActiveCfg = Debug|Any CPU
		{88FEFA26-BAAD-45E8-A689-5D4A6F9B6A83}.Debug|iPhoneSimulator.Build.0 = Debug|Any CPU
		{88FEFA26-BAAD-45E8-A689-5D4A6F9B6A83}.Debug|iPhoneSimulator.Deploy.0 = Debug|Any CPU
		{88FEFA26-BAAD-45E8-A689-5D4A6F9B6A83}.Debug|x64.ActiveCfg = Debug|Any CPU
		{88FEFA26-BAAD-45E8-A689-5D4A6F9B6A83}.Debug|x64.Build.0 = Debug|Any CPU
		{88FEFA26-BAAD-45E8-A689-5D4A6F9B6A83}.Debug|x64.Deploy.0 = Debug|Any CPU
		{88FEFA26-BAAD-45E8-A689-5D4A6F9B6A83}.Debug|x86.ActiveCfg = Debug|Any CPU
		{88FEFA26-BAAD-45E8-A689-5D4A6F9B6A83}.Debug|x86.Build.0 = Debug|Any CPU
		{88FEFA26-BAAD-45E8-A689-5D4A6F9B6A83}.Debug|x86.Deploy.0 = Debug|Any CPU
		{88FEFA26-BAAD-45E8-A689-5D4A6F9B6A83}.Release|Any CPU.ActiveCfg = Release|Any CPU
		{88FEFA26-BAAD-45E8-A689-5D4A6F9B6A83}.Release|Any CPU.Build.0 = Release|Any CPU
		{88FEFA26-BAAD-45E8-A689-5D4A6F9B6A83}.Release|Any CPU.Deploy.0 = Release|Any CPU
		{88FEFA26-BAAD-45E8-A689-5D4A6F9B6A83}.Release|ARM.ActiveCfg = Release|Any CPU
		{88FEFA26-BAAD-45E8-A689-5D4A6F9B6A83}.Release|ARM.Build.0 = Release|Any CPU
		{88FEFA26-BAAD-45E8-A689-5D4A6F9B6A83}.Release|ARM.Deploy.0 = Release|Any CPU
		{88FEFA26-BAAD-45E8-A689-5D4A6F9B6A83}.Release|iPhone.ActiveCfg = Release|Any CPU
		{88FEFA26-BAAD-45E8-A689-5D4A6F9B6A83}.Release|iPhone.Build.0 = Release|Any CPU
		{88FEFA26-BAAD-45E8-A689-5D4A6F9B6A83}.Release|iPhone.Deploy.0 = Release|Any CPU
		{88FEFA26-BAAD-45E8-A689-5D4A6F9B6A83}.Release|iPhoneSimulator.ActiveCfg = Release|Any CPU
		{88FEFA26-BAAD-45E8-A689-5D4A6F9B6A83}.Release|iPhoneSimulator.Build.0 = Release|Any CPU
		{88FEFA26-BAAD-45E8-A689-5D4A6F9B6A83}.Release|iPhoneSimulator.Deploy.0 = Release|Any CPU
		{88FEFA26-BAAD-45E8-A689-5D4A6F9B6A83}.Release|x64.ActiveCfg = Release|Any CPU
		{88FEFA26-BAAD-45E8-A689-5D4A6F9B6A83}.Release|x64.Build.0 = Release|Any CPU
		{88FEFA26-BAAD-45E8-A689-5D4A6F9B6A83}.Release|x64.Deploy.0 = Release|Any CPU
		{88FEFA26-BAAD-45E8-A689-5D4A6F9B6A83}.Release|x86.ActiveCfg = Release|Any CPU
		{88FEFA26-BAAD-45E8-A689-5D4A6F9B6A83}.Release|x86.Build.0 = Release|Any CPU
		{88FEFA26-BAAD-45E8-A689-5D4A6F9B6A83}.Release|x86.Deploy.0 = Release|Any CPU
		{1C9CB168-0A38-49B1-B11F-F152619649F6}.Debug|Any CPU.ActiveCfg = Debug|iPhoneSimulator
		{1C9CB168-0A38-49B1-B11F-F152619649F6}.Debug|Any CPU.Build.0 = Debug|iPhoneSimulator
		{1C9CB168-0A38-49B1-B11F-F152619649F6}.Debug|Any CPU.Deploy.0 = Debug|iPhoneSimulator
		{1C9CB168-0A38-49B1-B11F-F152619649F6}.Debug|ARM.ActiveCfg = Debug|iPhone
		{1C9CB168-0A38-49B1-B11F-F152619649F6}.Debug|ARM.Build.0 = Debug|iPhone
		{1C9CB168-0A38-49B1-B11F-F152619649F6}.Debug|ARM.Deploy.0 = Debug|iPhone
		{1C9CB168-0A38-49B1-B11F-F152619649F6}.Debug|iPhone.ActiveCfg = Debug|iPhone
		{1C9CB168-0A38-49B1-B11F-F152619649F6}.Debug|iPhone.Build.0 = Debug|iPhone
		{1C9CB168-0A38-49B1-B11F-F152619649F6}.Debug|iPhone.Deploy.0 = Debug|iPhone
		{1C9CB168-0A38-49B1-B11F-F152619649F6}.Debug|iPhoneSimulator.ActiveCfg = Debug|iPhoneSimulator
		{1C9CB168-0A38-49B1-B11F-F152619649F6}.Debug|iPhoneSimulator.Build.0 = Debug|iPhoneSimulator
		{1C9CB168-0A38-49B1-B11F-F152619649F6}.Debug|iPhoneSimulator.Deploy.0 = Debug|iPhoneSimulator
		{1C9CB168-0A38-49B1-B11F-F152619649F6}.Debug|x64.ActiveCfg = Debug|iPhoneSimulator
		{1C9CB168-0A38-49B1-B11F-F152619649F6}.Debug|x64.Build.0 = Debug|iPhoneSimulator
		{1C9CB168-0A38-49B1-B11F-F152619649F6}.Debug|x64.Deploy.0 = Debug|iPhoneSimulator
		{1C9CB168-0A38-49B1-B11F-F152619649F6}.Debug|x86.ActiveCfg = Debug|iPhoneSimulator
		{1C9CB168-0A38-49B1-B11F-F152619649F6}.Debug|x86.Build.0 = Debug|iPhoneSimulator
		{1C9CB168-0A38-49B1-B11F-F152619649F6}.Debug|x86.Deploy.0 = Debug|iPhoneSimulator
		{1C9CB168-0A38-49B1-B11F-F152619649F6}.Release|Any CPU.ActiveCfg = Release|iPhoneSimulator
		{1C9CB168-0A38-49B1-B11F-F152619649F6}.Release|Any CPU.Build.0 = Release|iPhoneSimulator
		{1C9CB168-0A38-49B1-B11F-F152619649F6}.Release|Any CPU.Deploy.0 = Release|iPhoneSimulator
		{1C9CB168-0A38-49B1-B11F-F152619649F6}.Release|ARM.ActiveCfg = Release|iPhoneSimulator
		{1C9CB168-0A38-49B1-B11F-F152619649F6}.Release|ARM.Build.0 = Release|iPhoneSimulator
		{1C9CB168-0A38-49B1-B11F-F152619649F6}.Release|ARM.Deploy.0 = Release|iPhoneSimulator
		{1C9CB168-0A38-49B1-B11F-F152619649F6}.Release|iPhone.ActiveCfg = Release|iPhone
		{1C9CB168-0A38-49B1-B11F-F152619649F6}.Release|iPhone.Build.0 = Release|iPhone
		{1C9CB168-0A38-49B1-B11F-F152619649F6}.Release|iPhone.Deploy.0 = Release|iPhone
		{1C9CB168-0A38-49B1-B11F-F152619649F6}.Release|iPhoneSimulator.ActiveCfg = Release|iPhoneSimulator
		{1C9CB168-0A38-49B1-B11F-F152619649F6}.Release|iPhoneSimulator.Build.0 = Release|iPhoneSimulator
		{1C9CB168-0A38-49B1-B11F-F152619649F6}.Release|iPhoneSimulator.Deploy.0 = Release|iPhoneSimulator
		{1C9CB168-0A38-49B1-B11F-F152619649F6}.Release|x64.ActiveCfg = Release|iPhoneSimulator
		{1C9CB168-0A38-49B1-B11F-F152619649F6}.Release|x64.Build.0 = Release|iPhoneSimulator
		{1C9CB168-0A38-49B1-B11F-F152619649F6}.Release|x64.Deploy.0 = Release|iPhoneSimulator
		{1C9CB168-0A38-49B1-B11F-F152619649F6}.Release|x86.ActiveCfg = Release|iPhoneSimulator
		{1C9CB168-0A38-49B1-B11F-F152619649F6}.Release|x86.Build.0 = Release|iPhoneSimulator
		{1C9CB168-0A38-49B1-B11F-F152619649F6}.Release|x86.Deploy.0 = Release|iPhoneSimulator
		{D5CDF2F4-4F3E-4D85-8588-92C702803941}.Debug|Any CPU.ActiveCfg = Debug|Any CPU
		{D5CDF2F4-4F3E-4D85-8588-92C702803941}.Debug|Any CPU.Build.0 = Debug|Any CPU
		{D5CDF2F4-4F3E-4D85-8588-92C702803941}.Debug|Any CPU.Deploy.0 = Debug|Any CPU
		{D5CDF2F4-4F3E-4D85-8588-92C702803941}.Debug|ARM.ActiveCfg = Debug|Any CPU
		{D5CDF2F4-4F3E-4D85-8588-92C702803941}.Debug|ARM.Build.0 = Debug|Any CPU
		{D5CDF2F4-4F3E-4D85-8588-92C702803941}.Debug|ARM.Deploy.0 = Debug|Any CPU
		{D5CDF2F4-4F3E-4D85-8588-92C702803941}.Debug|iPhone.ActiveCfg = Debug|Any CPU
		{D5CDF2F4-4F3E-4D85-8588-92C702803941}.Debug|iPhone.Build.0 = Debug|Any CPU
		{D5CDF2F4-4F3E-4D85-8588-92C702803941}.Debug|iPhone.Deploy.0 = Debug|Any CPU
		{D5CDF2F4-4F3E-4D85-8588-92C702803941}.Debug|iPhoneSimulator.ActiveCfg = Debug|Any CPU
		{D5CDF2F4-4F3E-4D85-8588-92C702803941}.Debug|iPhoneSimulator.Build.0 = Debug|Any CPU
		{D5CDF2F4-4F3E-4D85-8588-92C702803941}.Debug|iPhoneSimulator.Deploy.0 = Debug|Any CPU
		{D5CDF2F4-4F3E-4D85-8588-92C702803941}.Debug|x64.ActiveCfg = Debug|Any CPU
		{D5CDF2F4-4F3E-4D85-8588-92C702803941}.Debug|x64.Build.0 = Debug|Any CPU
		{D5CDF2F4-4F3E-4D85-8588-92C702803941}.Debug|x64.Deploy.0 = Debug|Any CPU
		{D5CDF2F4-4F3E-4D85-8588-92C702803941}.Debug|x86.ActiveCfg = Debug|Any CPU
		{D5CDF2F4-4F3E-4D85-8588-92C702803941}.Debug|x86.Build.0 = Debug|Any CPU
		{D5CDF2F4-4F3E-4D85-8588-92C702803941}.Debug|x86.Deploy.0 = Debug|Any CPU
		{D5CDF2F4-4F3E-4D85-8588-92C702803941}.Release|Any CPU.ActiveCfg = Release|Any CPU
		{D5CDF2F4-4F3E-4D85-8588-92C702803941}.Release|Any CPU.Build.0 = Release|Any CPU
		{D5CDF2F4-4F3E-4D85-8588-92C702803941}.Release|Any CPU.Deploy.0 = Release|Any CPU
		{D5CDF2F4-4F3E-4D85-8588-92C702803941}.Release|ARM.ActiveCfg = Release|Any CPU
		{D5CDF2F4-4F3E-4D85-8588-92C702803941}.Release|ARM.Build.0 = Release|Any CPU
		{D5CDF2F4-4F3E-4D85-8588-92C702803941}.Release|ARM.Deploy.0 = Release|Any CPU
		{D5CDF2F4-4F3E-4D85-8588-92C702803941}.Release|iPhone.ActiveCfg = Release|Any CPU
		{D5CDF2F4-4F3E-4D85-8588-92C702803941}.Release|iPhone.Build.0 = Release|Any CPU
		{D5CDF2F4-4F3E-4D85-8588-92C702803941}.Release|iPhone.Deploy.0 = Release|Any CPU
		{D5CDF2F4-4F3E-4D85-8588-92C702803941}.Release|iPhoneSimulator.ActiveCfg = Release|Any CPU
		{D5CDF2F4-4F3E-4D85-8588-92C702803941}.Release|iPhoneSimulator.Build.0 = Release|Any CPU
		{D5CDF2F4-4F3E-4D85-8588-92C702803941}.Release|iPhoneSimulator.Deploy.0 = Release|Any CPU
		{D5CDF2F4-4F3E-4D85-8588-92C702803941}.Release|x64.ActiveCfg = Release|Any CPU
		{D5CDF2F4-4F3E-4D85-8588-92C702803941}.Release|x64.Build.0 = Release|Any CPU
		{D5CDF2F4-4F3E-4D85-8588-92C702803941}.Release|x64.Deploy.0 = Release|Any CPU
		{D5CDF2F4-4F3E-4D85-8588-92C702803941}.Release|x86.ActiveCfg = Release|Any CPU
		{D5CDF2F4-4F3E-4D85-8588-92C702803941}.Release|x86.Build.0 = Release|Any CPU
		{D5CDF2F4-4F3E-4D85-8588-92C702803941}.Release|x86.Deploy.0 = Release|Any CPU
	EndGlobalSection
	GlobalSection(SolutionProperties) = preSolution
		HideSolutionNode = FALSE
	EndGlobalSection
	GlobalSection(ExtensibilityGlobals) = postSolution
		SolutionGuid = {6C5029C0-5DDF-41EA-A66A-4619846D133E}
	EndGlobalSection
EndGlobal
